
Microsoft Visual Studio Solution File, Format Version 12.00
# Visual Studio Version 17
VisualStudioVersion = 17.0.31912.275
MinimumVisualStudioVersion = 10.0.40219.1
Project("{FAE04EC0-301F-11D3-BF4B-00C04F79EFBC}") = "dogShelter", "dogShelter.csproj", "{D7AC84C6-ABCF-4E29-AB1F-E925FBD819D6}"
EndProject
Global
	GlobalSection(SolutionConfigurationPlatforms) = preSolution
		Debug|Any CPU = Debug|Any CPU
		Release|Any CPU = Release|Any CPU
	EndGlobalSection
	GlobalSection(ProjectConfigurationPlatforms) = postSolution
		{D7AC84C6-ABCF-4E29-AB1F-E925FBD819D6}.Debug|Any CPU.ActiveCfg = Debug|Any CPU
		{D7AC84C6-ABCF-4E29-AB1F-E925FBD819D6}.Debug|Any CPU.Build.0 = Debug|Any CPU
		{D7AC84C6-ABCF-4E29-AB1F-E925FBD819D6}.Release|Any CPU.ActiveCfg = Release|Any CPU
		{D7AC84C6-ABCF-4E29-AB1F-E925FBD819D6}.Release|Any CPU.Build.0 = Release|Any CPU
	EndGlobalSection
	GlobalSection(SolutionProperties) = preSolution
		HideSolutionNode = FALSE
	EndGlobalSection
	GlobalSection(ExtensibilityGlobals) = postSolution
		SolutionGuid = {10E49A4D-C0C3-47B8-909C-FBD16645E640}
	EndGlobalSection
EndGlobal
